
Microsoft Visual Studio Solution File, Format Version 12.00
# Visual Studio 14
VisualStudioVersion = 14.0.25420.1
MinimumVisualStudioVersion = 10.0.40219.1
Project("{2150E333-8FDC-42A3-9474-1A3956D46DE8}") = "src", "src", "{04987261-F4BF-45C1-A5EB-8C423BE8B778}"
EndProject
Project("{2150E333-8FDC-42A3-9474-1A3956D46DE8}") = "frontend", "frontend", "{2BD6B349-9D9B-4556-B900-005B2AA14CF1}"
EndProject
Project("{FAE04EC0-301F-11D3-BF4B-00C04F79EFBC}") = "CurrencyExchangeService.FrontEnd", "frontend\CurrencyExchangeService.FrontEnd\CurrencyExchangeService.FrontEnd.csproj", "{5555374B-E0F2-4837-BF02-F7FF1DD9AD38}"
EndProject
Project("{FAE04EC0-301F-11D3-BF4B-00C04F79EFBC}") = "CurrencyExchangeService.BusinessLogic", "src\CurrencyExchangeService.BusinessLogic\CurrencyExchangeService.BusinessLogic.csproj", "{78647EC3-B27D-4E29-B7C4-2599204CC6C2}"
EndProject
Global
	GlobalSection(SolutionConfigurationPlatforms) = preSolution
		Debug|Any CPU = Debug|Any CPU
		Release|Any CPU = Release|Any CPU
	EndGlobalSection
	GlobalSection(ProjectConfigurationPlatforms) = postSolution
		{5555374B-E0F2-4837-BF02-F7FF1DD9AD38}.Debug|Any CPU.ActiveCfg = Debug|Any CPU
		{5555374B-E0F2-4837-BF02-F7FF1DD9AD38}.Debug|Any CPU.Build.0 = Debug|Any CPU
		{5555374B-E0F2-4837-BF02-F7FF1DD9AD38}.Release|Any CPU.ActiveCfg = Release|Any CPU
		{5555374B-E0F2-4837-BF02-F7FF1DD9AD38}.Release|Any CPU.Build.0 = Release|Any CPU
		{78647EC3-B27D-4E29-B7C4-2599204CC6C2}.Debug|Any CPU.ActiveCfg = Debug|Any CPU
		{78647EC3-B27D-4E29-B7C4-2599204CC6C2}.Debug|Any CPU.Build.0 = Debug|Any CPU
		{78647EC3-B27D-4E29-B7C4-2599204CC6C2}.Release|Any CPU.ActiveCfg = Release|Any CPU
		{78647EC3-B27D-4E29-B7C4-2599204CC6C2}.Release|Any CPU.Build.0 = Release|Any CPU
	EndGlobalSection
	GlobalSection(SolutionProperties) = preSolution
		HideSolutionNode = FALSE
	EndGlobalSection
	GlobalSection(NestedProjects) = preSolution
		{5555374B-E0F2-4837-BF02-F7FF1DD9AD38} = {2BD6B349-9D9B-4556-B900-005B2AA14CF1}
		{78647EC3-B27D-4E29-B7C4-2599204CC6C2} = {04987261-F4BF-45C1-A5EB-8C423BE8B778}
	EndGlobalSection
	GlobalSection(TeamFoundationVersionControl) = preSolution
		SccNumberOfProjects = 3
		SccEnterpriseProvider = {4CA58AB2-18FA-4F8D-95D4-32DDF27D184C}
		SccTeamFoundationServer = http://v-tfs1:8080/tfs/ficodm
		SccLocalPath0 = .
		SccProjectUniqueName1 = frontend\\CurrencyExchangeService.FrontEnd\\CurrencyExchangeService.FrontEnd.csproj
		SccProjectTopLevelParentUniqueName1 = CurrencyExchangeService.sln
		SccProjectName1 = frontend/CurrencyExchangeService.FrontEnd
		SccLocalPath1 = frontend\\CurrencyExchangeService.FrontEnd
		SccProjectUniqueName2 = src\\CurrencyExchangeService.BusinessLogic\\CurrencyExchangeService.BusinessLogic.csproj
		SccProjectTopLevelParentUniqueName2 = CurrencyExchangeService.sln
		SccProjectName2 = src/CurrencyExchangeService.BusinessLogic
		SccLocalPath2 = src\\CurrencyExchangeService.BusinessLogic
	EndGlobalSection
EndGlobal
